{
  "version": 4,
  "terraform_version": "1.6.5",
  "serial": 22,
  "lineage": "d001f987-4270-54bc-c426-5bb9198a70a8",
  "outputs": {},
  "resources": [
    {
      "mode": "managed",
      "type": "azurerm_network_interface",
      "name": "interfacenic",
      "provider": "provider[\"registry.terraform.io/hashicorp/azurerm\"]",
      "instances": [
        {
          "schema_version": 0,
          "attributes": {
            "applied_dns_servers": [],
            "auxiliary_mode": "",
            "auxiliary_sku": "",
            "dns_servers": [],
            "edge_zone": "",
            "enable_accelerated_networking": false,
            "enable_ip_forwarding": false,
            "id": "/subscriptions/839bbc54-0007-4a78-af76-019b94704e21/resourceGroups/DevTestInfra-DEV-RG/providers/Microsoft.Network/networkInterfaces/interface-nic",
            "internal_dns_name_label": "",
            "internal_domain_name_suffix": "lygcu0junksehasmskblq2mdxh.ix.internal.cloudapp.net",
            "ip_configuration": [
              {
                "gateway_load_balancer_frontend_ip_configuration_id": "",
                "name": "devtest-nic-ipconfig",
                "primary": true,
                "private_ip_address": "10.102.19.20",
                "private_ip_address_allocation": "Dynamic",
                "private_ip_address_version": "IPv4",
                "public_ip_address_id": "",
                "subnet_id": "/subscriptions/839bbc54-0007-4a78-af76-019b94704e21/resourceGroups/DevTestInfra-VNT-RG/providers/Microsoft.Network/virtualNetworks/DevTestInfra-VNT/subnets/devtestinfra-snet"
              }
            ],
            "location": "southeastasia",
            "mac_address": "",
            "name": "interface-nic",
            "private_ip_address": "10.102.19.20",
            "private_ip_addresses": [
              "10.102.19.20"
            ],
            "resource_group_name": "DevTestInfra-DEV-RG",
            "tags": {},
            "timeouts": null,
            "virtual_machine_id": ""
          },
          "sensitive_attributes": [],
          "private": "eyJlMmJmYjczMC1lY2FhLTExZTYtOGY4OC0zNDM2M2JjN2M0YzAiOnsiY3JlYXRlIjoxODAwMDAwMDAwMDAwLCJkZWxldGUiOjE4MDAwMDAwMDAwMDAsInJlYWQiOjMwMDAwMDAwMDAwMCwidXBkYXRlIjoxODAwMDAwMDAwMDAwfX0=",
          "dependencies": [
            "azurerm_resource_group.DevTestInfra-VNT-RG",
            "azurerm_resource_group.RG",
            "azurerm_subnet.snet",
            "azurerm_virtual_network.DevTestInfra-VNT"
          ]
        }
      ]
    },
    {
      "mode": "managed",
      "type": "azurerm_resource_group",
      "name": "DevTestInfra-VNT-RG",
      "provider": "provider[\"registry.terraform.io/hashicorp/azurerm\"]",
      "instances": [
        {
          "schema_version": 0,
          "attributes": {
            "id": "/subscriptions/839bbc54-0007-4a78-af76-019b94704e21/resourceGroups/DevTestInfra-VNT-RG",
            "location": "southeastasia",
            "managed_by": "",
            "name": "DevTestInfra-VNT-RG",
            "tags": {},
            "timeouts": null
          },
          "sensitive_attributes": [],
          "private": "eyJlMmJmYjczMC1lY2FhLTExZTYtOGY4OC0zNDM2M2JjN2M0YzAiOnsiY3JlYXRlIjo1NDAwMDAwMDAwMDAwLCJkZWxldGUiOjU0MDAwMDAwMDAwMDAsInJlYWQiOjMwMDAwMDAwMDAwMCwidXBkYXRlIjo1NDAwMDAwMDAwMDAwfX0="
        }
      ]
    },
    {
      "mode": "managed",
      "type": "azurerm_resource_group",
      "name": "RG",
      "provider": "provider[\"registry.terraform.io/hashicorp/azurerm\"]",
      "instances": [
        {
          "schema_version": 0,
          "attributes": {
            "id": "/subscriptions/839bbc54-0007-4a78-af76-019b94704e21/resourceGroups/DevTestInfra-DEV-RG",
            "location": "southeastasia",
            "managed_by": "",
            "name": "DevTestInfra-DEV-RG",
            "tags": {},
            "timeouts": null
          },
          "sensitive_attributes": [],
          "private": "eyJlMmJmYjczMC1lY2FhLTExZTYtOGY4OC0zNDM2M2JjN2M0YzAiOnsiY3JlYXRlIjo1NDAwMDAwMDAwMDAwLCJkZWxldGUiOjU0MDAwMDAwMDAwMDAsInJlYWQiOjMwMDAwMDAwMDAwMCwidXBkYXRlIjo1NDAwMDAwMDAwMDAwfX0="
        }
      ]
    },
    {
      "mode": "managed",
      "type": "azurerm_subnet",
      "name": "snet",
      "provider": "provider[\"registry.terraform.io/hashicorp/azurerm\"]",
      "instances": [
        {
          "schema_version": 0,
          "attributes": {
            "address_prefixes": [
              "10.102.19.16/28"
            ],
            "delegation": [],
            "enforce_private_link_endpoint_network_policies": true,
            "enforce_private_link_service_network_policies": false,
            "id": "/subscriptions/839bbc54-0007-4a78-af76-019b94704e21/resourceGroups/DevTestInfra-VNT-RG/providers/Microsoft.Network/virtualNetworks/DevTestInfra-VNT/subnets/devtestinfra-snet",
            "name": "devtestinfra-snet",
            "private_endpoint_network_policies_enabled": false,
            "private_link_service_network_policies_enabled": true,
            "resource_group_name": "DevTestInfra-VNT-RG",
            "service_endpoint_policy_ids": [],
            "service_endpoints": [],
            "timeouts": null,
            "virtual_network_name": "DevTestInfra-VNT"
          },
          "sensitive_attributes": [],
          "private": "eyJlMmJmYjczMC1lY2FhLTExZTYtOGY4OC0zNDM2M2JjN2M0YzAiOnsiY3JlYXRlIjoxODAwMDAwMDAwMDAwLCJkZWxldGUiOjE4MDAwMDAwMDAwMDAsInJlYWQiOjMwMDAwMDAwMDAwMCwidXBkYXRlIjoxODAwMDAwMDAwMDAwfSwic2NoZW1hX3ZlcnNpb24iOiIwIn0=",
          "dependencies": [
            "azurerm_resource_group.DevTestInfra-VNT-RG",
            "azurerm_virtual_network.DevTestInfra-VNT"
          ]
        }
      ]
    },
    {
      "mode": "managed",
      "type": "azurerm_virtual_network",
      "name": "DevTestInfra-VNT",
      "provider": "provider[\"registry.terraform.io/hashicorp/azurerm\"]",
      "instances": [
        {
          "schema_version": 0,
          "attributes": {
            "address_space": [
              "10.102.19.0/27"
            ],
            "bgp_community": "",
            "ddos_protection_plan": [],
            "dns_servers": [],
            "edge_zone": "",
            "encryption": [],
            "flow_timeout_in_minutes": 0,
            "guid": "692a0c5e-6a34-43a4-824c-9282b87183bf",
            "id": "/subscriptions/839bbc54-0007-4a78-af76-019b94704e21/resourceGroups/DevTestInfra-VNT-RG/providers/Microsoft.Network/virtualNetworks/DevTestInfra-VNT",
            "location": "southeastasia",
            "name": "DevTestInfra-VNT",
            "resource_group_name": "DevTestInfra-VNT-RG",
            "subnet": [
              {
                "address_prefix": "",
                "id": "/subscriptions/839bbc54-0007-4a78-af76-019b94704e21/resourceGroups/DevTestInfra-VNT-RG/providers/Microsoft.Network/virtualNetworks/DevTestInfra-VNT/subnets/devtestinfra-snet",
                "name": "devtestinfra-snet",
                "security_group": ""
              }
            ],
            "tags": {},
            "timeouts": null
          },
          "sensitive_attributes": [],
          "private": "eyJlMmJmYjczMC1lY2FhLTExZTYtOGY4OC0zNDM2M2JjN2M0YzAiOnsiY3JlYXRlIjoxODAwMDAwMDAwMDAwLCJkZWxldGUiOjE4MDAwMDAwMDAwMDAsInJlYWQiOjMwMDAwMDAwMDAwMCwidXBkYXRlIjoxODAwMDAwMDAwMDAwfSwic2NoZW1hX3ZlcnNpb24iOiIwIn0=",
          "dependencies": [
            "azurerm_resource_group.DevTestInfra-VNT-RG"
          ]
        }
      ]
    },
    {
      "mode": "managed",
      "type": "azurerm_windows_virtual_machine",
      "name": "devtestVM",
      "provider": "provider[\"registry.terraform.io/hashicorp/azurerm\"]",
      "instances": [
        {
          "schema_version": 0,
          "attributes": {
            "additional_capabilities": [],
            "additional_unattend_content": [],
            "admin_password": "CA3@#mw(fg262023",
            "admin_username": "azureadmin",
            "allow_extension_operations": true,
            "availability_set_id": "",
            "boot_diagnostics": [],
            "bypass_platform_safety_checks_on_user_schedule_enabled": false,
            "capacity_reservation_group_id": "",
            "computer_name": "DT-OGA-DEV-4001",
            "custom_data": null,
            "dedicated_host_group_id": "",
            "dedicated_host_id": "",
            "edge_zone": "",
            "enable_automatic_updates": true,
            "encryption_at_host_enabled": false,
            "eviction_policy": "",
            "extensions_time_budget": "PT1H30M",
            "gallery_application": [],
            "hotpatching_enabled": false,
            "id": "/subscriptions/839bbc54-0007-4a78-af76-019b94704e21/resourceGroups/DevTestInfra-DEV-RG/providers/Microsoft.Compute/virtualMachines/DT-OGA-DEV-4001",
            "identity": [],
            "license_type": "",
            "location": "southeastasia",
            "max_bid_price": -1,
            "name": "DT-OGA-DEV-4001",
            "network_interface_ids": [
              "/subscriptions/839bbc54-0007-4a78-af76-019b94704e21/resourceGroups/DevTestInfra-DEV-RG/providers/Microsoft.Network/networkInterfaces/interface-nic"
            ],
            "os_disk": [
              {
                "caching": "ReadWrite",
                "diff_disk_settings": [],
                "disk_encryption_set_id": "",
                "disk_size_gb": 127,
                "name": "DT-OGA-DEV-4001_disk1_d6c0d93096de4f5cbb6884927a2c9467",
                "secure_vm_disk_encryption_set_id": "",
                "security_encryption_type": "",
                "storage_account_type": "Standard_LRS",
                "write_accelerator_enabled": false
              }
            ],
            "patch_assessment_mode": "ImageDefault",
            "patch_mode": "AutomaticByOS",
            "plan": [],
            "platform_fault_domain": -1,
            "priority": "Regular",
            "private_ip_address": "10.102.19.20",
            "private_ip_addresses": [
              "10.102.19.20"
            ],
            "provision_vm_agent": true,
            "proximity_placement_group_id": "",
            "public_ip_address": "",
            "public_ip_addresses": [],
            "reboot_setting": "",
            "resource_group_name": "DevTestInfra-DEV-RG",
            "secret": [],
            "secure_boot_enabled": false,
            "size": "Standard_B2s",
            "source_image_id": "",
            "source_image_reference": [
              {
                "offer": "WindowsServer",
                "publisher": "MicrosoftWindowsServer",
                "sku": "2019-Datacenter",
                "version": "latest"
              }
            ],
            "tags": null,
            "termination_notification": null,
            "timeouts": null,
            "timezone": "",
            "user_data": "",
            "virtual_machine_id": "aae760cf-2583-4e56-bc7c-3eada021f2ef",
            "virtual_machine_scale_set_id": "",
            "vtpm_enabled": false,
            "winrm_listener": [],
            "zone": ""
          },
          "sensitive_attributes": [],
          "private": "eyJlMmJmYjczMC1lY2FhLTExZTYtOGY4OC0zNDM2M2JjN2M0YzAiOnsiY3JlYXRlIjoyNzAwMDAwMDAwMDAwLCJkZWxldGUiOjI3MDAwMDAwMDAwMDAsInJlYWQiOjMwMDAwMDAwMDAwMCwidXBkYXRlIjoyNzAwMDAwMDAwMDAwfX0=",
          "dependencies": [
            "azurerm_network_interface.interfacenic",
            "azurerm_resource_group.DevTestInfra-VNT-RG",
            "azurerm_resource_group.RG",
            "azurerm_subnet.snet",
            "azurerm_virtual_network.DevTestInfra-VNT"
          ]
        }
      ]
    }
  ],
  "check_results": null
}
